// !$*UTF8*$!
{
	archiveVersion = 1;
	classes = {
	};
	objectVersion = 55;
	objects = {

/* Begin PBXBuildFile section */
		C868D70A27BD168800C0C49E /* AppDelegate.m in Sources */ = {isa = PBXBuildFile; fileRef = C868D70927BD168800C0C49E /* AppDelegate.m */; };
		C868D70D27BD168800C0C49E /* SceneDelegate.m in Sources */ = {isa = PBXBuildFile; fileRef = C868D70C27BD168800C0C49E /* SceneDelegate.m */; };
		C868D71027BD168800C0C49E /* ViewController.m in Sources */ = {isa = PBXBuildFile; fileRef = C868D70F27BD168800C0C49E /* ViewController.m */; };
		C868D71327BD168800C0C49E /* Main.storyboard in Resources */ = {isa = PBXBuildFile; fileRef = C868D71127BD168800C0C49E /* Main.storyboard */; };
		C868D71527BD168A00C0C49E /* Assets.xcassets in Resources */ = {isa = PBXBuildFile; fileRef = C868D71427BD168A00C0C49E /* Assets.xcassets */; };
		C868D71827BD168A00C0C49E /* LaunchScreen.storyboard in Resources */ = {isa = PBXBuildFile; fileRef = C868D71627BD168A00C0C49E /* LaunchScreen.storyboard */; };
		C868D71B27BD168A00C0C49E /* main.m in Sources */ = {isa = PBXBuildFile; fileRef = C868D71A27BD168A00C0C49E /* main.m */; };
		C868D72727BD1A5800C0C49E /* libexample.a in Frameworks */ = {isa = PBXBuildFile; fileRef = C868D72627BD1A5700C0C49E /* libexample.a */; };
		C868D73227BE8FED00C0C49E /* libmath.a in Frameworks */ = {isa = PBXBuildFile; fileRef = C868D73127BE8FED00C0C49E /* libmath.a */; };
/* End PBXBuildFile section */

/* Begin PBXFileReference section */
		C868D70527BD168800C0C49E /* SampleApp.app */ = {isa = PBXFileReference; explicitFileType = wrapper.application; includeInIndex = 0; path = SampleApp.app; sourceTree = BUILT_PRODUCTS_DIR; };
		C868D70827BD168800C0C49E /* AppDelegate.h */ = {isa = PBXFileReference; lastKnownFileType = sourcecode.c.h; path = AppDelegate.h; sourceTree = "<group>"; };
		C868D70927BD168800C0C49E /* AppDelegate.m */ = {isa = PBXFileReference; lastKnownFileType = sourcecode.c.objc; path = AppDelegate.m; sourceTree = "<group>"; };
		C868D70B27BD168800C0C49E /* SceneDelegate.h */ = {isa = PBXFileReference; lastKnownFileType = sourcecode.c.h; path = SceneDelegate.h; sourceTree = "<group>"; };
		C868D70C27BD168800C0C49E /* SceneDelegate.m */ = {isa = PBXFileReference; lastKnownFileType = sourcecode.c.objc; path = SceneDelegate.m; sourceTree = "<group>"; };
		C868D70E27BD168800C0C49E /* ViewController.h */ = {isa = PBXFileReference; lastKnownFileType = sourcecode.c.h; path = ViewController.h; sourceTree = "<group>"; };
		C868D70F27BD168800C0C49E /* ViewController.m */ = {isa = PBXFileReference; lastKnownFileType = sourcecode.c.objc; path = ViewController.m; sourceTree = "<group>"; };
		C868D71227BD168800C0C49E /* Base */ = {isa = PBXFileReference; lastKnownFileType = file.storyboard; name = Base; path = Base.lproj/Main.storyboard; sourceTree = "<group>"; };
		C868D71427BD168A00C0C49E /* Assets.xcassets */ = {isa = PBXFileReference; lastKnownFileType = folder.assetcatalog; path = Assets.xcassets; sourceTree = "<group>"; };
		C868D71727BD168A00C0C49E /* Base */ = {isa = PBXFileReference; lastKnownFileType = file.storyboard; name = Base; path = Base.lproj/LaunchScreen.storyboard; sourceTree = "<group>"; };
		C868D71927BD168A00C0C49E /* Info.plist */ = {isa = PBXFileReference; lastKnownFileType = text.plist.xml; path = Info.plist; sourceTree = "<group>"; };
		C868D71A27BD168A00C0C49E /* main.m */ = {isa = PBXFileReference; lastKnownFileType = sourcecode.c.objc; path = main.m; sourceTree = "<group>"; };
		C868D72427BD1A5700C0C49E /* HelloWorldIOS.h */ = {isa = PBXFileReference; fileEncoding = 4; lastKnownFileType = sourcecode.c.h; path = HelloWorldIOS.h; sourceTree = "<group>"; };
		C868D72627BD1A5700C0C49E /* libexample.a */ = {isa = PBXFileReference; lastKnownFileType = archive.ar; path = libexample.a; sourceTree = "<group>"; };
		C868D73027BE8EB600C0C49E /* OperationsIOS.h */ = {isa = PBXFileReference; lastKnownFileType = sourcecode.c.h; path = OperationsIOS.h; sourceTree = "<group>"; };
		C868D73127BE8FED00C0C49E /* libmath.a */ = {isa = PBXFileReference; lastKnownFileType = archive.ar; path = libmath.a; sourceTree = "<group>"; };
/* End PBXFileReference section */

/* Begin PBXFrameworksBuildPhase section */
		C868D70227BD168800C0C49E /* Frameworks */ = {
			isa = PBXFrameworksBuildPhase;
			buildActionMask = 2147483647;
			files = (
				C868D72727BD1A5800C0C49E /* libexample.a in Frameworks */,
				C868D73227BE8FED00C0C49E /* libmath.a in Frameworks */,
			);
			runOnlyForDeploymentPostprocessing = 0;
		};
/* End PBXFrameworksBuildPhase section */

/* Begin PBXGroup section */
		C868D6FC27BD168800C0C49E = {
			isa = PBXGroup;
			children = (
				C868D70727BD168800C0C49E /* SampleApp */,
				C868D70627BD168800C0C49E /* Products */,
				C868D72827BD1B0600C0C49E /* Frameworks */,
			);
			sourceTree = "<group>";
		};
		C868D70627BD168800C0C49E /* Products */ = {
			isa = PBXGroup;
			children = (
				C868D70527BD168800C0C49E /* SampleApp.app */,
			);
			name = Products;
			sourceTree = "<group>";
		};
		C868D70727BD168800C0C49E /* SampleApp */ = {
			isa = PBXGroup;
			children = (
				C868D72127BD1A5700C0C49E /* lib-files */,
				C868D70827BD168800C0C49E /* AppDelegate.h */,
				C868D70927BD168800C0C49E /* AppDelegate.m */,
				C868D70B27BD168800C0C49E /* SceneDelegate.h */,
				C868D70C27BD168800C0C49E /* SceneDelegate.m */,
				C868D70E27BD168800C0C49E /* ViewController.h */,
				C868D70F27BD168800C0C49E /* ViewController.m */,
				C868D71127BD168800C0C49E /* Main.storyboard */,
				C868D71427BD168A00C0C49E /* Assets.xcassets */,
				C868D71627BD168A00C0C49E /* LaunchScreen.storyboard */,
				C868D71927BD168A00C0C49E /* Info.plist */,
				C868D71A27BD168A00C0C49E /* main.m */,
			);
			path = SampleApp;
			sourceTree = "<group>";
		};
		C868D72127BD1A5700C0C49E /* lib-files */ = {
			isa = PBXGroup;
			children = (
				C868D72227BD1A5700C0C49E /* include */,
				C868D72527BD1A5700C0C49E /* lib */,
			);
			path = "lib-files";
			sourceTree = "<group>";
		};
		C868D72227BD1A5700C0C49E /* include */ = {
			isa = PBXGroup;
			children = (
				C868D73027BE8EB600C0C49E /* OperationsIOS.h */,
				C868D72427BD1A5700C0C49E /* HelloWorldIOS.h */,
			);
			path = include;
			sourceTree = "<group>";
		};
		C868D72527BD1A5700C0C49E /* lib */ = {
			isa = PBXGroup;
			children = (
				C868D73127BE8FED00C0C49E /* libmath.a */,
				C868D72627BD1A5700C0C49E /* libexample.a */,
			);
			path = lib;
			sourceTree = "<group>";
		};
		C868D72827BD1B0600C0C49E /* Frameworks */ = {
			isa = PBXGroup;
			children = (
			);
			name = Frameworks;
			sourceTree = "<group>";
		};
/* End PBXGroup section */

/* Begin PBXNativeTarget section */
		C868D70427BD168800C0C49E /* SampleApp */ = {
			isa = PBXNativeTarget;
			buildConfigurationList = C868D71E27BD168A00C0C49E /* Build configuration list for PBXNativeTarget "SampleApp" */;
			buildPhases = (
				C868D70127BD168800C0C49E /* Sources */,
				C868D70227BD168800C0C49E /* Frameworks */,
				C868D70327BD168800C0C49E /* Resources */,
			);
			buildRules = (
			);
			dependencies = (
			);
			name = SampleApp;
			productName = SampleApp;
			productReference = C868D70527BD168800C0C49E /* SampleApp.app */;
			productType = "com.apple.product-type.application";
		};
/* End PBXNativeTarget section */

/* Begin PBXProject section */
		C868D6FD27BD168800C0C49E /* Project object */ = {
			isa = PBXProject;
			attributes = {
				BuildIndependentTargetsInParallel = 1;
				LastUpgradeCheck = 1310;
				TargetAttributes = {
					C868D70427BD168800C0C49E = {
						CreatedOnToolsVersion = 13.1;
					};
				};
			};
			buildConfigurationList = C868D70027BD168800C0C49E /* Build configuration list for PBXProject "SampleApp" */;
			compatibilityVersion = "Xcode 13.0";
			developmentRegion = en;
			hasScannedForEncodings = 0;
			knownRegions = (
				en,
				Base,
			);
			mainGroup = C868D6FC27BD168800C0C49E;
			productRefGroup = C868D70627BD168800C0C49E /* Products */;
			projectDirPath = "";
			projectRoot = "";
			targets = (
				C868D70427BD168800C0C49E /* SampleApp */,
			);
		};
/* End PBXProject section */

/* Begin PBXResourcesBuildPhase section */
		C868D70327BD168800C0C49E /* Resources */ = {
			isa = PBXResourcesBuildPhase;
			buildActionMask = 2147483647;
			files = (
				C868D71827BD168A00C0C49E /* LaunchScreen.storyboard in Resources */,
				C868D71527BD168A00C0C49E /* Assets.xcassets in Resources */,
				C868D71327BD168800C0C49E /* Main.storyboard in Resources */,
			);
			runOnlyForDeploymentPostprocessing = 0;
		};
/* End PBXResourcesBuildPhase section */

/* Begin PBXSourcesBuildPhase section */
		C868D70127BD168800C0C49E /* Sources */ = {
			isa = PBXSourcesBuildPhase;
			buildActionMask = 2147483647;
			files = (
				C868D71027BD168800C0C49E /* ViewController.m in Sources */,
				C868D70A27BD168800C0C49E /* AppDelegate.m in Sources */,
				C868D71B27BD168A00C0C49E /* main.m in Sources */,
				C868D70D27BD168800C0C49E /* SceneDelegate.m in Sources */,
			);
			runOnlyForDeploymentPostprocessing = 0;
		};
/* End PBXSourcesBuildPhase section */

/* Begin PBXVariantGroup section */
		C868D71127BD168800C0C49E /* Main.storyboard */ = {
			isa = PBXVariantGroup;
			children = (
				C868D71227BD168800C0C49E /* Base */,
			);
			name = Main.storyboard;
			sourceTree = "<group>";
		};
		C868D71627BD168A00C0C49E /* LaunchScreen.storyboard */ = {
			isa = PBXVariantGroup;
			children = (
				C868D71727BD168A00C0C49E /* Base */,
			);
			name = LaunchScreen.storyboard;
			sourceTree = "<group>";
		};
/* End PBXVariantGroup section */

/* Begin XCBuildConfiguration section */
		C868D71C27BD168A00C0C49E /* Debug */ = {
			isa = XCBuildConfiguration;
			buildSettings = {
				ALWAYS_SEARCH_USER_PATHS = NO;
				CLANG_ANALYZER_NONNULL = YES;
				CLANG_ANALYZER_NUMBER_OBJECT_CONVERSION = YES_AGGRESSIVE;
				CLANG_CXX_LANGUAGE_STANDARD = "gnu++17";
				CLANG_CXX_LIBRARY = "libc++";
				CLANG_ENABLE_MODULES = YES;
				CLANG_ENABLE_OBJC_ARC = YES;
				CLANG_ENABLE_OBJC_WEAK = YES;
				CLANG_WARN_BLOCK_CAPTURE_AUTORELEASING = YES;
				CLANG_WARN_BOOL_CONVERSION = YES;
				CLANG_WARN_COMMA = YES;
				CLANG_WARN_CONSTANT_CONVERSION = YES;
				CLANG_WARN_DEPRECATED_OBJC_IMPLEMENTATIONS = YES;
				CLANG_WARN_DIRECT_OBJC_ISA_USAGE = YES_ERROR;
				CLANG_WARN_DOCUMENTATION_COMMENTS = YES;
				CLANG_WARN_EMPTY_BODY = YES;
				CLANG_WARN_ENUM_CONVERSION = YES;
				CLANG_WARN_INFINITE_RECURSION = YES;
				CLANG_WARN_INT_CONVERSION = YES;
				CLANG_WARN_NON_LITERAL_NULL_CONVERSION = YES;
				CLANG_WARN_OBJC_IMPLICIT_RETAIN_SELF = YES;
				CLANG_WARN_OBJC_LITERAL_CONVERSION = YES;
				CLANG_WARN_OBJC_ROOT_CLASS = YES_ERROR;
				CLANG_WARN_QUOTED_INCLUDE_IN_FRAMEWORK_HEADER = YES;
				CLANG_WARN_RANGE_LOOP_ANALYSIS = YES;
				CLANG_WARN_STRICT_PROTOTYPES = YES;
				CLANG_WARN_SUSPICIOUS_MOVE = YES;
				CLANG_WARN_UNGUARDED_AVAILABILITY = YES_AGGRESSIVE;
				CLANG_WARN_UNREACHABLE_CODE = YES;
				CLANG_WARN__DUPLICATE_METHOD_MATCH = YES;
				COPY_PHASE_STRIP = NO;
				DEBUG_INFORMATION_FORMAT = dwarf;
				ENABLE_STRICT_OBJC_MSGSEND = YES;
				ENABLE_TESTABILITY = YES;
				GCC_C_LANGUAGE_STANDARD = gnu11;
				GCC_DYNAMIC_NO_PIC = NO;
				GCC_NO_COMMON_BLOCKS = YES;
				GCC_OPTIMIZATION_LEVEL = 0;
				GCC_PREPROCESSOR_DEFINITIONS = (
					"DEBUG=1",
					"$(inherited)",
				);
				GCC_WARN_64_TO_32_BIT_CONVERSION = YES;
				GCC_WARN_ABOUT_RETURN_TYPE = YES_ERROR;
				GCC_WARN_UNDECLARED_SELECTOR = YES;
				GCC_WARN_UNINITIALIZED_AUTOS = YES_AGGRESSIVE;
				GCC_WARN_UNUSED_FUNCTION = YES;
				GCC_WARN_UNUSED_VARIABLE = YES;
				IPHONEOS_DEPLOYMENT_TARGET = 15.0;
				MTL_ENABLE_DEBUG_INFO = INCLUDE_SOURCE;
				MTL_FAST_MATH = YES;
				ONLY_ACTIVE_ARCH = YES;
				SDKROOT = iphoneos;
			};
			name = Debug;
		};
		C868D71D27BD168A00C0C49E /* Release */ = {
			isa = XCBuildConfiguration;
			buildSettings = {
				ALWAYS_SEARCH_USER_PATHS = NO;
				CLANG_ANALYZER_NONNULL = YES;
				CLANG_ANALYZER_NUMBER_OBJECT_CONVERSION = YES_AGGRESSIVE;
				CLANG_CXX_LANGUAGE_STANDARD = "gnu++17";
				CLANG_CXX_LIBRARY = "libc++";
				CLANG_ENABLE_MODULES = YES;
				CLANG_ENABLE_OBJC_ARC = YES;
				CLANG_ENABLE_OBJC_WEAK = YES;
				CLANG_WARN_BLOCK_CAPTURE_AUTORELEASING = YES;
				CLANG_WARN_BOOL_CONVERSION = YES;
				CLANG_WARN_COMMA = YES;
				CLANG_WARN_CONSTANT_CONVERSION = YES;
				CLANG_WARN_DEPRECATED_OBJC_IMPLEMENTATIONS = YES;
				CLANG_WARN_DIRECT_OBJC_ISA_USAGE = YES_ERROR;
				CLANG_WARN_DOCUMENTATION_COMMENTS = YES;
				CLANG_WARN_EMPTY_BODY = YES;
				CLANG_WARN_ENUM_CONVERSION = YES;
				CLANG_WARN_INFINITE_RECURSION = YES;
				CLANG_WARN_INT_CONVERSION = YES;
				CLANG_WARN_NON_LITERAL_NULL_CONVERSION = YES;
				CLANG_WARN_OBJC_IMPLICIT_RETAIN_SELF = YES;
				CLANG_WARN_OBJC_LITERAL_CONVERSION = YES;
				CLANG_WARN_OBJC_ROOT_CLASS = YES_ERROR;
				CLANG_WARN_QUOTED_INCLUDE_IN_FRAMEWORK_HEADER = YES;
				CLANG_WARN_RANGE_LOOP_ANALYSIS = YES;
				CLANG_WARN_STRICT_PROTOTYPES = YES;
				CLANG_WARN_SUSPICIOUS_MOVE = YES;
				CLANG_WARN_UNGUARDED_AVAILABILITY = YES_AGGRESSIVE;
				CLANG_WARN_UNREACHABLE_CODE = YES;
				CLANG_WARN__DUPLICATE_METHOD_MATCH = YES;
				COPY_PHASE_STRIP = NO;
				DEBUG_INFORMATION_FORMAT = "dwarf-with-dsym";
				ENABLE_NS_ASSERTIONS = NO;
				ENABLE_STRICT_OBJC_MSGSEND = YES;
				GCC_C_LANGUAGE_STANDARD = gnu11;
				GCC_NO_COMMON_BLOCKS = YES;
				GCC_WARN_64_TO_32_BIT_CONVERSION = YES;
				GCC_WARN_ABOUT_RETURN_TYPE = YES_ERROR;
				GCC_WARN_UNDECLARED_SELECTOR = YES;
				GCC_WARN_UNINITIALIZED_AUTOS = YES_AGGRESSIVE;
				GCC_WARN_UNUSED_FUNCTION = YES;
				GCC_WARN_UNUSED_VARIABLE = YES;
				IPHONEOS_DEPLOYMENT_TARGET = 15.0;
				MTL_ENABLE_DEBUG_INFO = NO;
				MTL_FAST_MATH = YES;
				SDKROOT = iphoneos;
				VALIDATE_PRODUCT = YES;
			};
			name = Release;
		};
		C868D71F27BD168A00C0C49E /* Debug */ = {
			isa = XCBuildConfiguration;
			buildSettings = {
				ASSETCATALOG_COMPILER_APPICON_NAME = AppIcon;
				ASSETCATALOG_COMPILER_GLOBAL_ACCENT_COLOR_NAME = AccentColor;
				CODE_SIGN_STYLE = Automatic;
				CURRENT_PROJECT_VERSION = 1;
				DEVELOPMENT_TEAM = 5NV8XFN9EY;
				GENERATE_INFOPLIST_FILE = YES;
				HEADER_SEARCH_PATHS = "$(PROJECT_DIR)/SampleApp/lib-files/include";
				INFOPLIST_FILE = SampleApp/Info.plist;
				INFOPLIST_KEY_UIApplicationSupportsIndirectInputEvents = YES;
				INFOPLIST_KEY_UILaunchStoryboardName = LaunchScreen;
				INFOPLIST_KEY_UIMainStoryboardFile = Main;
				INFOPLIST_KEY_UISupportedInterfaceOrientations_iPad = "UIInterfaceOrientationPortrait UIInterfaceOrientationPortraitUpsideDown UIInterfaceOrientationLandscapeLeft UIInterfaceOrientationLandscapeRight";
				INFOPLIST_KEY_UISupportedInterfaceOrientations_iPhone = "UIInterfaceOrientationPortrait UIInterfaceOrientationLandscapeLeft UIInterfaceOrientationLandscapeRight";
				LD_RUNPATH_SEARCH_PATHS = (
					"$(inherited)",
					"@executable_path/Frameworks",
				);
				LIBRARY_SEARCH_PATHS = "$(PROJECT_DIR)/SampleApp/lib-files/lib";
				MARKETING_VERSION = 1.0;
				OTHER_LDFLAGS = "-lc++";
				PRODUCT_BUNDLE_IDENTIFIER = com.ahaconnect.sampleapp;
				PRODUCT_NAME = "$(TARGET_NAME)";
				SWIFT_EMIT_LOC_STRINGS = YES;
				TARGETED_DEVICE_FAMILY = "1,2";
			};
			name = Debug;
		};
		C868D72027BD168A00C0C49E /* Release */ = {
			isa = XCBuildConfiguration;
			buildSettings = {
				ASSETCATALOG_COMPILER_APPICON_NAME = AppIcon;
				ASSETCATALOG_COMPILER_GLOBAL_ACCENT_COLOR_NAME = AccentColor;
				CODE_SIGN_STYLE = Automatic;
				CURRENT_PROJECT_VERSION = 1;
				DEVELOPMENT_TEAM = 5NV8XFN9EY;
				GENERATE_INFOPLIST_FILE = YES;
				HEADER_SEARCH_PATHS = "$(PROJECT_DIR)/SampleApp/lib-files/include";
				INFOPLIST_FILE = SampleApp/Info.plist;
				INFOPLIST_KEY_UIApplicationSupportsIndirectInputEvents = YES;
				INFOPLIST_KEY_UILaunchStoryboardName = LaunchScreen;
				INFOPLIST_KEY_UIMainStoryboardFile = Main;
				INFOPLIST_KEY_UISupportedInterfaceOrientations_iPad = "UIInterfaceOrientationPortrait UIInterfaceOrientationPortraitUpsideDown UIInterfaceOrientationLandscapeLeft UIInterfaceOrientationLandscapeRight";
				INFOPLIST_KEY_UISupportedInterfaceOrientations_iPhone = "UIInterfaceOrientationPortrait UIInterfaceOrientationLandscapeLeft UIInterfaceOrientationLandscapeRight";
				LD_RUNPATH_SEARCH_PATHS = (
					"$(inherited)",
					"@executable_path/Frameworks",
				);
				LIBRARY_SEARCH_PATHS = "$(PROJECT_DIR)/SampleApp/lib-files/lib";
				MARKETING_VERSION = 1.0;
				OTHER_LDFLAGS = "-lc++";
				PRODUCT_BUNDLE_IDENTIFIER = com.ahaconnect.sampleapp;
				PRODUCT_NAME = "$(TARGET_NAME)";
				SWIFT_EMIT_LOC_STRINGS = YES;
				TARGETED_DEVICE_FAMILY = "1,2";
			};
			name = Release;
		};
/* End XCBuildConfiguration section */

/* Begin XCConfigurationList section */
		C868D70027BD168800C0C49E /* Build configuration list for PBXProject "SampleApp" */ = {
			isa = XCConfigurationList;
			buildConfigurations = (
				C868D71C27BD168A00C0C49E /* Debug */,
				C868D71D27BD168A00C0C49E /* Release */,
			);
			defaultConfigurationIsVisible = 0;
			defaultConfigurationName = Release;
		};
		C868D71E27BD168A00C0C49E /* Build configuration list for PBXNativeTarget "SampleApp" */ = {
			isa = XCConfigurationList;
			buildConfigurations = (
				C868D71F27BD168A00C0C49E /* Debug */,
				C868D72027BD168A00C0C49E /* Release */,
			);
			defaultConfigurationIsVisible = 0;
			defaultConfigurationName = Release;
		};
/* End XCConfigurationList section */
	};
	rootObject = C868D6FD27BD168800C0C49E /* Project object */;
}
